
Microsoft Visual Studio Solution File, Format Version 12.00
# Visual Studio Version 17
VisualStudioVersion = 17.7.34221.43
MinimumVisualStudioVersion = 10.0.40219.1
Project("{FAE04EC0-301F-11D3-BF4B-00C04F79EFBC}") = "Contacts.Api", "Contacts.Api\Contacts.Api.csproj", "{C26FD7D2-678E-4FA9-81EF-0A2DCF82BE46}"
EndProject
Project("{54A90642-561A-4BB1-A94E-469ADEE60C69}") = "Contacts.Client", "Contacts.Client\Contacts.Client.esproj", "{4DE077B3-A01B-4AC1-A402-FFF210887A2C}"
EndProject
Global
	GlobalSection(SolutionConfigurationPlatforms) = preSolution
		Debug|Any CPU = Debug|Any CPU
		Release|Any CPU = Release|Any CPU
	EndGlobalSection
	GlobalSection(ProjectConfigurationPlatforms) = postSolution
		{C26FD7D2-678E-4FA9-81EF-0A2DCF82BE46}.Debug|Any CPU.ActiveCfg = Debug|Any CPU
		{C26FD7D2-678E-4FA9-81EF-0A2DCF82BE46}.Debug|Any CPU.Build.0 = Debug|Any CPU
		{C26FD7D2-678E-4FA9-81EF-0A2DCF82BE46}.Release|Any CPU.ActiveCfg = Release|Any CPU
		{C26FD7D2-678E-4FA9-81EF-0A2DCF82BE46}.Release|Any CPU.Build.0 = Release|Any CPU
		{4DE077B3-A01B-4AC1-A402-FFF210887A2C}.Debug|Any CPU.ActiveCfg = Debug|Any CPU
		{4DE077B3-A01B-4AC1-A402-FFF210887A2C}.Debug|Any CPU.Build.0 = Debug|Any CPU
		{4DE077B3-A01B-4AC1-A402-FFF210887A2C}.Debug|Any CPU.Deploy.0 = Debug|Any CPU
		{4DE077B3-A01B-4AC1-A402-FFF210887A2C}.Release|Any CPU.ActiveCfg = Release|Any CPU
		{4DE077B3-A01B-4AC1-A402-FFF210887A2C}.Release|Any CPU.Build.0 = Release|Any CPU
		{4DE077B3-A01B-4AC1-A402-FFF210887A2C}.Release|Any CPU.Deploy.0 = Release|Any CPU
	EndGlobalSection
	GlobalSection(SolutionProperties) = preSolution
		HideSolutionNode = FALSE
	EndGlobalSection
	GlobalSection(ExtensibilityGlobals) = postSolution
		SolutionGuid = {E8499743-2A92-45EA-9EA8-A759A11107D7}
	EndGlobalSection
EndGlobal
